
Microsoft Visual Studio Solution File, Format Version 12.00
# Visual Studio Version 17
VisualStudioVersion = 17.12.35527.113
MinimumVisualStudioVersion = 10.0.40219.1
Project("{FAE04EC0-301F-11D3-BF4B-00C04F79EFBC}") = "LMS.BookInventory.Api", "src\LMS.BookInventory.Api\LMS.BookInventory.Api.csproj", "{56C6A370-EFC1-4D3B-9C7E-3CA86972AB04}"
EndProject
Project("{FAE04EC0-301F-11D3-BF4B-00C04F79EFBC}") = "LMS.BookInventory.Domain", "src\LMS.BookInventory.Domain\LMS.BookInventory.Domain.csproj", "{438D4010-9E0C-41AD-9FA6-D06FBF58EC2E}"
EndProject
Project("{FAE04EC0-301F-11D3-BF4B-00C04F79EFBC}") = "LMS.BookInventory.Infra", "src\LMS.BookInventory.Infra\LMS.BookInventory.Infra.csproj", "{AFE476DA-C517-4AAC-8F5B-27A4C954F689}"
EndProject
Project("{FAE04EC0-301F-11D3-BF4B-00C04F79EFBC}") = "LMS.BookInventory.Infra.UnitTests", "tests\LMS.BookInventory.Infra.Tests\LMS.BookInventory.Infra.UnitTests.csproj", "{820558F9-0233-413D-A957-098D1DC0B9A9}"
EndProject
Project("{FAE04EC0-301F-11D3-BF4B-00C04F79EFBC}") = "LMS.BookInventory.Application", "src\LMS.BookInventory.Application\LMS.BookInventory.Application.csproj", "{44723B79-B64D-4611-97E9-FCE69CAB5C79}"
EndProject
Project("{FAE04EC0-301F-11D3-BF4B-00C04F79EFBC}") = "LMS.BookInventory.Domain.UnitTests", "tests\LMS.BookInventory.Domain.UnitTests\LMS.BookInventory.Domain.UnitTests.csproj", "{42D50E08-EDFC-4098-A6E9-54389AC28248}"
EndProject
Project("{2150E333-8FDC-42A3-9474-1A3956D46DE8}") = "BookInventory", "BookInventory", "{C620A82A-352A-4BAB-B444-365824D01D76}"
EndProject
Project("{2150E333-8FDC-42A3-9474-1A3956D46DE8}") = "src", "src", "{1AC99727-FC8E-4274-AA66-5BDBE711A3DD}"
EndProject
Project("{2150E333-8FDC-42A3-9474-1A3956D46DE8}") = "tests", "tests", "{23C7364A-A7E4-49B6-B4E2-33C7DF33ED6B}"
EndProject
Project("{FAE04EC0-301F-11D3-BF4B-00C04F79EFBC}") = "LMS.BookInventory.Api.IntegrationTests", "tests\LMS.BooksInventory.Api.IntegrationTests\LMS.BookInventory.Api.IntegrationTests.csproj", "{1416D683-4657-4C96-AE7D-B64F523BB661}"
EndProject
Global
	GlobalSection(SolutionConfigurationPlatforms) = preSolution
		Debug|Any CPU = Debug|Any CPU
		Release|Any CPU = Release|Any CPU
	EndGlobalSection
	GlobalSection(ProjectConfigurationPlatforms) = postSolution
		{56C6A370-EFC1-4D3B-9C7E-3CA86972AB04}.Debug|Any CPU.ActiveCfg = Debug|Any CPU
		{56C6A370-EFC1-4D3B-9C7E-3CA86972AB04}.Debug|Any CPU.Build.0 = Debug|Any CPU
		{56C6A370-EFC1-4D3B-9C7E-3CA86972AB04}.Release|Any CPU.ActiveCfg = Release|Any CPU
		{56C6A370-EFC1-4D3B-9C7E-3CA86972AB04}.Release|Any CPU.Build.0 = Release|Any CPU
		{438D4010-9E0C-41AD-9FA6-D06FBF58EC2E}.Debug|Any CPU.ActiveCfg = Debug|Any CPU
		{438D4010-9E0C-41AD-9FA6-D06FBF58EC2E}.Debug|Any CPU.Build.0 = Debug|Any CPU
		{438D4010-9E0C-41AD-9FA6-D06FBF58EC2E}.Release|Any CPU.ActiveCfg = Release|Any CPU
		{438D4010-9E0C-41AD-9FA6-D06FBF58EC2E}.Release|Any CPU.Build.0 = Release|Any CPU
		{AFE476DA-C517-4AAC-8F5B-27A4C954F689}.Debug|Any CPU.ActiveCfg = Debug|Any CPU
		{AFE476DA-C517-4AAC-8F5B-27A4C954F689}.Debug|Any CPU.Build.0 = Debug|Any CPU
		{AFE476DA-C517-4AAC-8F5B-27A4C954F689}.Release|Any CPU.ActiveCfg = Release|Any CPU
		{AFE476DA-C517-4AAC-8F5B-27A4C954F689}.Release|Any CPU.Build.0 = Release|Any CPU
		{820558F9-0233-413D-A957-098D1DC0B9A9}.Debug|Any CPU.ActiveCfg = Debug|Any CPU
		{820558F9-0233-413D-A957-098D1DC0B9A9}.Debug|Any CPU.Build.0 = Debug|Any CPU
		{820558F9-0233-413D-A957-098D1DC0B9A9}.Release|Any CPU.ActiveCfg = Release|Any CPU
		{820558F9-0233-413D-A957-098D1DC0B9A9}.Release|Any CPU.Build.0 = Release|Any CPU
		{44723B79-B64D-4611-97E9-FCE69CAB5C79}.Debug|Any CPU.ActiveCfg = Debug|Any CPU
		{44723B79-B64D-4611-97E9-FCE69CAB5C79}.Debug|Any CPU.Build.0 = Debug|Any CPU
		{44723B79-B64D-4611-97E9-FCE69CAB5C79}.Release|Any CPU.ActiveCfg = Release|Any CPU
		{44723B79-B64D-4611-97E9-FCE69CAB5C79}.Release|Any CPU.Build.0 = Release|Any CPU
		{42D50E08-EDFC-4098-A6E9-54389AC28248}.Debug|Any CPU.ActiveCfg = Debug|Any CPU
		{42D50E08-EDFC-4098-A6E9-54389AC28248}.Debug|Any CPU.Build.0 = Debug|Any CPU
		{42D50E08-EDFC-4098-A6E9-54389AC28248}.Release|Any CPU.ActiveCfg = Release|Any CPU
		{42D50E08-EDFC-4098-A6E9-54389AC28248}.Release|Any CPU.Build.0 = Release|Any CPU
		{1416D683-4657-4C96-AE7D-B64F523BB661}.Debug|Any CPU.ActiveCfg = Debug|Any CPU
		{1416D683-4657-4C96-AE7D-B64F523BB661}.Debug|Any CPU.Build.0 = Debug|Any CPU
		{1416D683-4657-4C96-AE7D-B64F523BB661}.Release|Any CPU.ActiveCfg = Release|Any CPU
		{1416D683-4657-4C96-AE7D-B64F523BB661}.Release|Any CPU.Build.0 = Release|Any CPU
	EndGlobalSection
	GlobalSection(SolutionProperties) = preSolution
		HideSolutionNode = FALSE
	EndGlobalSection
	GlobalSection(NestedProjects) = preSolution
		{56C6A370-EFC1-4D3B-9C7E-3CA86972AB04} = {1AC99727-FC8E-4274-AA66-5BDBE711A3DD}
		{438D4010-9E0C-41AD-9FA6-D06FBF58EC2E} = {1AC99727-FC8E-4274-AA66-5BDBE711A3DD}
		{AFE476DA-C517-4AAC-8F5B-27A4C954F689} = {1AC99727-FC8E-4274-AA66-5BDBE711A3DD}
		{820558F9-0233-413D-A957-098D1DC0B9A9} = {23C7364A-A7E4-49B6-B4E2-33C7DF33ED6B}
		{44723B79-B64D-4611-97E9-FCE69CAB5C79} = {1AC99727-FC8E-4274-AA66-5BDBE711A3DD}
		{42D50E08-EDFC-4098-A6E9-54389AC28248} = {23C7364A-A7E4-49B6-B4E2-33C7DF33ED6B}
		{1AC99727-FC8E-4274-AA66-5BDBE711A3DD} = {C620A82A-352A-4BAB-B444-365824D01D76}
		{23C7364A-A7E4-49B6-B4E2-33C7DF33ED6B} = {C620A82A-352A-4BAB-B444-365824D01D76}
		{1416D683-4657-4C96-AE7D-B64F523BB661} = {23C7364A-A7E4-49B6-B4E2-33C7DF33ED6B}
	EndGlobalSection
EndGlobal
